github.com/charlievieth/fastwalk v1.0.9 h1:Odb92AfoReO3oFBfDGT5J+nwgzQPF/gWAw6E6/lkor0=
github.com/charlievieth/fastwalk v1.0.9/go.mod h1:yGy1zbxog41ZVMcKA/i8ojXLFsuayX5VvwhQVoj9PBI=
golang.org/x/sys v0.29.0 h1:TPYlXGxvx1MGTn2GiZDhnjPA9wZzZeGKHHmKhHYvgaU=
golang.org/x/sys v0.29.0/go.mod h1:/VUhepiaJMQUp4+oa/7Zr1D23ma6VTLIYjOOTFZPUcA=
